Microsoft Visual Studio Solution File, Format Version 12.00
# Visual Studio Version 17
VisualStudioVersion = 17.5.2.0
MinimumVisualStudioVersion = 10.0.40219.1
Project("{FAE04EC0-301F-11D3-BF4B-00C04F79EFBC}") = "comando while", "comando while.csproj", "{CEF2E196-92EA-C92C-2BC9-3062D5BFB982}"
EndProject
Global
	GlobalSection(SolutionConfigurationPlatforms) = preSolution
		Debug|Any CPU = Debug|Any CPU
		Release|Any CPU = Release|Any CPU
	EndGlobalSection
	GlobalSection(ProjectConfigurationPlatforms) = postSolution
		{CEF2E196-92EA-C92C-2BC9-3062D5BFB982}.Debug|Any CPU.ActiveCfg = Debug|Any CPU
		{CEF2E196-92EA-C92C-2BC9-3062D5BFB982}.Debug|Any CPU.Build.0 = Debug|Any CPU
		{CEF2E196-92EA-C92C-2BC9-3062D5BFB982}.Release|Any CPU.ActiveCfg = Release|Any CPU
		{CEF2E196-92EA-C92C-2BC9-3062D5BFB982}.Release|Any CPU.Build.0 = Release|Any CPU
	EndGlobalSection
	GlobalSection(SolutionProperties) = preSolution
		HideSolutionNode = FALSE
	EndGlobalSection
	GlobalSection(ExtensibilityGlobals) = postSolution
		SolutionGuid = {D5167735-7D8A-48A2-AEB1-FAE0445EF6DB}
	EndGlobalSection
EndGlobal
