Microsoft Visual Studio Solution File, Format Version 12.00
# Visual Studio Version 17
VisualStudioVersion = 17.5.2.0
MinimumVisualStudioVersion = 10.0.40219.1
Project("{FAE04EC0-301F-11D3-BF4B-00C04F79EFBC}") = "condicionais", "condicionais.csproj", "{0643E24B-2A79-6275-392B-26F95EBDD0F9}"
EndProject
Global
	GlobalSection(SolutionConfigurationPlatforms) = preSolution
		Debug|Any CPU = Debug|Any CPU
		Release|Any CPU = Release|Any CPU
	EndGlobalSection
	GlobalSection(ProjectConfigurationPlatforms) = postSolution
		{0643E24B-2A79-6275-392B-26F95EBDD0F9}.Debug|Any CPU.ActiveCfg = Debug|Any CPU
		{0643E24B-2A79-6275-392B-26F95EBDD0F9}.Debug|Any CPU.Build.0 = Debug|Any CPU
		{0643E24B-2A79-6275-392B-26F95EBDD0F9}.Release|Any CPU.ActiveCfg = Release|Any CPU
		{0643E24B-2A79-6275-392B-26F95EBDD0F9}.Release|Any CPU.Build.0 = Release|Any CPU
	EndGlobalSection
	GlobalSection(SolutionProperties) = preSolution
		HideSolutionNode = FALSE
	EndGlobalSection
	GlobalSection(ExtensibilityGlobals) = postSolution
		SolutionGuid = {C1C3ED8B-9E9B-40F9-83B5-170A08FA0CAA}
	EndGlobalSection
EndGlobal
