Microsoft Visual Studio Solution File, Format Version 12.00
# Visual Studio Version 17
VisualStudioVersion = 17.5.2.0
MinimumVisualStudioVersion = 10.0.40219.1
Project("{FAE04EC0-301F-11D3-BF4B-00C04F79EFBC}") = "operadoresrelacionais", "operadoresrelacionais.csproj", "{8CEADBE9-9B89-F6BE-828A-748176A5FF78}"
EndProject
Global
	GlobalSection(SolutionConfigurationPlatforms) = preSolution
		Debug|Any CPU = Debug|Any CPU
		Release|Any CPU = Release|Any CPU
	EndGlobalSection
	GlobalSection(ProjectConfigurationPlatforms) = postSolution
		{8CEADBE9-9B89-F6BE-828A-748176A5FF78}.Debug|Any CPU.ActiveCfg = Debug|Any CPU
		{8CEADBE9-9B89-F6BE-828A-748176A5FF78}.Debug|Any CPU.Build.0 = Debug|Any CPU
		{8CEADBE9-9B89-F6BE-828A-748176A5FF78}.Release|Any CPU.ActiveCfg = Release|Any CPU
		{8CEADBE9-9B89-F6BE-828A-748176A5FF78}.Release|Any CPU.Build.0 = Release|Any CPU
	EndGlobalSection
	GlobalSection(SolutionProperties) = preSolution
		HideSolutionNode = FALSE
	EndGlobalSection
	GlobalSection(ExtensibilityGlobals) = postSolution
		SolutionGuid = {F69E9F11-3B0E-4BF4-9BC4-CB22667AD5FE}
	EndGlobalSection
EndGlobal
